Microsoft Visual Studio Solution File, Format Version 12.00
# Visual Studio Version 17
VisualStudioVersion = 17.0.31903.59
MinimumVisualStudioVersion = 10.0.40219.1
Project("{9A19103F-16F7-4668-BE54-9A1E7A4F7556}") = "TelegramConsole.Core", "TelegramConsole.Core\TelegramConsole.Core.csproj", "{2F1E25EE-95CD-40F0-9F6A-1112E47849B8}"
EndProject
Project("{9A19103F-16F7-4668-BE54-9A1E7A4F7556}") = "TelegramConsole.Infrastructure", "TelegramConsole.Infrastructure\TelegramConsole.Infrastructure.csproj", "{84AEF0A8-1C1E-4D91-82DA-EEFB26543501}"
EndProject
Project("{9A19103F-16F7-4668-BE54-9A1E7A4F7556}") = "TelegramConsoleApp", "TelegramConsoleApp\TelegramConsoleApp.csproj", "{74D499C5-D6CB-40B1-8D6E-F93B4B80E34D}"
EndProject
Global
	GlobalSection(SolutionConfigurationPlatforms) = preSolution
		Debug|Any CPU = Debug|Any CPU
		Release|Any CPU = Release|Any CPU
	EndGlobalSection
	GlobalSection(ProjectConfigurationPlatforms) = postSolution
		{2F1E25EE-95CD-40F0-9F6A-1112E47849B8}.Debug|Any CPU.ActiveCfg = Debug|Any CPU
		{2F1E25EE-95CD-40F0-9F6A-1112E47849B8}.Debug|Any CPU.Build.0 = Debug|Any CPU
		{2F1E25EE-95CD-40F0-9F6A-1112E47849B8}.Release|Any CPU.ActiveCfg = Release|Any CPU
		{2F1E25EE-95CD-40F0-9F6A-1112E47849B8}.Release|Any CPU.Build.0 = Release|Any CPU
		{84AEF0A8-1C1E-4D91-82DA-EEFB26543501}.Debug|Any CPU.ActiveCfg = Debug|Any CPU
		{84AEF0A8-1C1E-4D91-82DA-EEFB26543501}.Debug|Any CPU.Build.0 = Debug|Any CPU
		{84AEF0A8-1C1E-4D91-82DA-EEFB26543501}.Release|Any CPU.ActiveCfg = Release|Any CPU
		{84AEF0A8-1C1E-4D91-82DA-EEFB26543501}.Release|Any CPU.Build.0 = Release|Any CPU
		{74D499C5-D6CB-40B1-8D6E-F93B4B80E34D}.Debug|Any CPU.ActiveCfg = Debug|Any CPU
		{74D499C5-D6CB-40B1-8D6E-F93B4B80E34D}.Debug|Any CPU.Build.0 = Debug|Any CPU
		{74D499C5-D6CB-40B1-8D6E-F93B4B80E34D}.Release|Any CPU.ActiveCfg = Release|Any CPU
		{74D499C5-D6CB-40B1-8D6E-F93B4B80E34D}.Release|Any CPU.Build.0 = Release|Any CPU
	EndGlobalSection
	GlobalSection(SolutionProperties) = preSolution
		HideSolutionNode = FALSE
	EndGlobalSection
EndGlobal
